// !$*UTF8*$!
{
	archiveVersion = 1;
	classes = {
	};
	objectVersion = 51;
	objects = {

/* Begin PBXBuildFile section */
		836C23EF9227A0C406365DF6 /* Pods_imGuru.framework in Frameworks */ = {isa = PBXBuildFile; fileRef = 9F3B600DF51888892271B6F9 /* Pods_imGuru.framework */; };
		A50911191AA795DE00C93152 /* Images.xcassets in Resources */ = {isa = PBXBuildFile; fileRef = A50911121AA795DE00C93152 /* Images.xcassets */; };
		A509111B1AA795DE00C93152 /* AppDelegate.m in Sources */ = {isa = PBXBuildFile; fileRef = A50911161AA795DE00C93152 /* AppDelegate.m */; };
		A509111C1AA795DE00C93152 /* main.m in Sources */ = {isa = PBXBuildFile; fileRef = A50911171AA795DE00C93152 /* main.m */; };
		A53403F91AA8D90000631B2C /* ShareViewController.m in Sources */ = {isa = PBXBuildFile; fileRef = A53403F81AA8D90000631B2C /* ShareViewController.m */; };
		A53403FB1AA8D90000631B2C /* ShareViewController.xib in Resources */ = {isa = PBXBuildFile; fileRef = A53403FA1AA8D90000631B2C /* ShareViewController.xib */; };
		A547EBFC1B3C202800F72EC8 /* MainMenu.xib in Resources */ = {isa = PBXBuildFile; fileRef = A50911101AA795DE00C93152 /* MainMenu.xib */; };
		A5943D0A1B46A7D4001FA01D /* imGuruPlugin.appex in Embed App Extensions */ = {isa = PBXBuildFile; fileRef = A53403F01AA8D90000631B2C /* imGuruPlugin.appex */; settings = {ATTRIBUTES = (RemoveHeadersOnCopy, ); }; };
		A5CB44F41AA794F70037C615 /* imGuruTests.m in Sources */ = {isa = PBXBuildFile; fileRef = A5CB44F31AA794F70037C615 /* imGuruTests.m */; };
		A5D57EFE1AA8E725002C181D /* AudioToolbox.framework in Frameworks */ = {isa = PBXBuildFile; fileRef = A5D57EFD1AA8E725002C181D /* AudioToolbox.framework */; };
		A5D57EFF1AA8F357002C181D /* Images.xcassets in Resources */ = {isa = PBXBuildFile; fileRef = A50911121AA795DE00C93152 /* Images.xcassets */; };
		A5D57F0A1AA99BC0002C181D /* IGRUserDefaults.m in Sources */ = {isa = PBXBuildFile; fileRef = A5D57F091AA99BC0002C181D /* IGRUserDefaults.m */; };
		A5D57F0B1AA99BC5002C181D /* IGRUserDefaults.m in Sources */ = {isa = PBXBuildFile; fileRef = A5D57F091AA99BC0002C181D /* IGRUserDefaults.m */; };
		E60C41508C9723A2E6A45D98 /* Pods_imGuruPlugin.framework in Frameworks */ = {isa = PBXBuildFile; fileRef = F9D3E22C3BD5CDC34033D435 /* Pods_imGuruPlugin.framework */; };
/* End PBXBuildFile section */

/* Begin PBXContainerItemProxy section */
		A53403FC1AA8D90000631B2C /* PBXContainerItemProxy */ = {
			isa = PBXContainerItemProxy;
			containerPortal = A5CB44D21AA794F70037C615 /* Project object */;
			proxyType = 1;
			remoteGlobalIDString = A53403EF1AA8D90000631B2C;
			remoteInfo = imgur;
		};
		A5CB44EE1AA794F70037C615 /* PBXContainerItemProxy */ = {
			isa = PBXContainerItemProxy;
			containerPortal = A5CB44D21AA794F70037C615 /* Project object */;
			proxyType = 1;
			remoteGlobalIDString = A5CB44D91AA794F70037C615;
			remoteInfo = imGuru;
		};
/* End PBXContainerItemProxy section */

/* Begin PBXCopyFilesBuildPhase section */
		A509138C1AA85CE200C93152 /* Embed App Extensions */ = {
			isa = PBXCopyFilesBuildPhase;
			buildActionMask = 2147483647;
			dstPath = "";
			dstSubfolderSpec = 13;
			files = (
				A5943D0A1B46A7D4001FA01D /* imGuruPlugin.appex in Embed App Extensions */,
			);
			name = "Embed App Extensions";
			runOnlyForDeploymentPostprocessing = 0;
		};
/* End PBXCopyFilesBuildPhase section */

/* Begin PBXFileReference section */
		7C5B90995F177F196718DDB9 /* Pods-imGuru.release.xcconfig */ = {isa = PBXFileReference; includeInIndex = 1; lastKnownFileType = text.xcconfig; name = "Pods-imGuru.release.xcconfig"; path = "Pods/Target Support Files/Pods-imGuru/Pods-imGuru.release.xcconfig"; sourceTree = "<group>"; };
		81A82259C5031F69A9CD2397 /* Pods-imGuruPlugin.release.xcconfig */ = {isa = PBXFileReference; includeInIndex = 1; lastKnownFileType = text.xcconfig; name = "Pods-imGuruPlugin.release.xcconfig"; path = "Pods/Target Support Files/Pods-imGuruPlugin/Pods-imGuruPlugin.release.xcconfig"; sourceTree = "<group>"; };
		9F3B600DF51888892271B6F9 /* Pods_imGuru.framework */ = {isa = PBXFileReference; explicitFileType = wrapper.framework; includeInIndex = 0; path = Pods_imGuru.framework; sourceTree = BUILT_PRODUCTS_DIR; };
		A50911111AA795DE00C93152 /* Base */ = {isa = PBXFileReference; lastKnownFileType = file.xib; name = Base; path = Base.lproj/MainMenu.xib; sourceTree = "<group>"; };
		A50911121AA795DE00C93152 /* Images.xcassets */ = {isa = PBXFileReference; lastKnownFileType = folder.assetcatalog; path = Images.xcassets; sourceTree = "<group>"; };
		A50911131AA795DE00C93152 /* Info.plist */ = {isa = PBXFileReference; fileEncoding = 4; lastKnownFileType = text.plist.xml; path = Info.plist; sourceTree = "<group>"; };
		A50911151AA795DE00C93152 /* AppDelegate.h */ = {isa = PBXFileReference; fileEncoding = 4; lastKnownFileType = sourcecode.c.h; path = AppDelegate.h; sourceTree = "<group>"; };
		A50911161AA795DE00C93152 /* AppDelegate.m */ = {isa = PBXFileReference; fileEncoding = 4; lastKnownFileType = sourcecode.c.objc; path = AppDelegate.m; sourceTree = "<group>"; };
		A50911171AA795DE00C93152 /* main.m */ = {isa = PBXFileReference; fileEncoding = 4; lastKnownFileType = sourcecode.c.objc; path = main.m; sourceTree = "<group>"; };
		A50911201AA79B5100C93152 /* imGuru.entitlements */ = {isa = PBXFileReference; lastKnownFileType = text.xml; name = imGuru.entitlements; path = ../imGuru.entitlements; sourceTree = "<group>"; };
		A53403B21AA8CF4400631B2C /* Constants.h */ = {isa = PBXFileReference; fileEncoding = 4; lastKnownFileType = sourcecode.c.h; path = Constants.h; sourceTree = "<group>"; };
		A53403F01AA8D90000631B2C /* imGuruPlugin.appex */ = {isa = PBXFileReference; explicitFileType = "wrapper.app-extension"; includeInIndex = 0; path = imGuruPlugin.appex; sourceTree = BUILT_PRODUCTS_DIR; };
		A53403F31AA8D90000631B2C /* Info.plist */ = {isa = PBXFileReference; lastKnownFileType = text.plist.xml; path = Info.plist; sourceTree = "<group>"; };
		A53403F61AA8D90000631B2C /* imgur.entitlements */ = {isa = PBXFileReference; lastKnownFileType = text.xml; path = imgur.entitlements; sourceTree = "<group>"; };
		A53403F71AA8D90000631B2C /* ShareViewController.h */ = {isa = PBXFileReference; lastKnownFileType = sourcecode.c.h; path = ShareViewController.h; sourceTree = "<group>"; };
		A53403F81AA8D90000631B2C /* ShareViewController.m */ = {isa = PBXFileReference; lastKnownFileType = sourcecode.c.objc; path = ShareViewController.m; sourceTree = "<group>"; };
		A53403FA1AA8D90000631B2C /* ShareViewController.xib */ = {isa = PBXFileReference; lastKnownFileType = file.xib; path = ShareViewController.xib; sourceTree = "<group>"; };
		A5CB44DA1AA794F70037C615 /* imGuru.app */ = {isa = PBXFileReference; explicitFileType = wrapper.application; includeInIndex = 0; path = imGuru.app; sourceTree = BUILT_PRODUCTS_DIR; };
		A5CB44ED1AA794F70037C615 /* imGuruTests.xctest */ = {isa = PBXFileReference; explicitFileType = wrapper.cfbundle; includeInIndex = 0; path = imGuruTests.xctest; sourceTree = BUILT_PRODUCTS_DIR; };
		A5CB44F21AA794F70037C615 /* Info.plist */ = {isa = PBXFileReference; lastKnownFileType = text.plist.xml; path = Info.plist; sourceTree = "<group>"; };
		A5CB44F31AA794F70037C615 /* imGuruTests.m */ = {isa = PBXFileReference; lastKnownFileType = sourcecode.c.objc; path = imGuruTests.m; sourceTree = "<group>"; };
		A5D57EFD1AA8E725002C181D /* AudioToolbox.framework */ = {isa = PBXFileReference; lastKnownFileType = wrapper.framework; name = AudioToolbox.framework; path = System/Library/Frameworks/AudioToolbox.framework; sourceTree = SDKROOT; };
		A5D57F001AA8F524002C181D /* ru */ = {isa = PBXFileReference; lastKnownFileType = text.plist.strings; name = ru; path = ru.lproj/MainMenu.strings; sourceTree = "<group>"; };
		A5D57F041AA8FF0F002C181D /* README.md */ = {isa = PBXFileReference; lastKnownFileType = net.daringfireball.markdown; path = README.md; sourceTree = "<group>"; };
		A5D57F081AA99BC0002C181D /* IGRUserDefaults.h */ = {isa = PBXFileReference; fileEncoding = 4; lastKnownFileType = sourcecode.c.h; path = IGRUserDefaults.h; sourceTree = "<group>"; };
		A5D57F091AA99BC0002C181D /* IGRUserDefaults.m */ = {isa = PBXFileReference; fileEncoding = 4; lastKnownFileType = sourcecode.c.objc; path = IGRUserDefaults.m; sourceTree = "<group>"; };
		B24F99BF7AD41D2E3DE76B73 /* Pods-imGuru.debug.xcconfig */ = {isa = PBXFileReference; includeInIndex = 1; lastKnownFileType = text.xcconfig; name = "Pods-imGuru.debug.xcconfig"; path = "Pods/Target Support Files/Pods-imGuru/Pods-imGuru.debug.xcconfig"; sourceTree = "<group>"; };
		D9F118CEA63E46280CFFA888 /* Pods-imGuruPlugin.debug.xcconfig */ = {isa = PBXFileReference; includeInIndex = 1; lastKnownFileType = text.xcconfig; name = "Pods-imGuruPlugin.debug.xcconfig"; path = "Pods/Target Support Files/Pods-imGuruPlugin/Pods-imGuruPlugin.debug.xcconfig"; sourceTree = "<group>"; };
		F9D3E22C3BD5CDC34033D435 /* Pods_imGuruPlugin.framework */ = {isa = PBXFileReference; explicitFileType = wrapper.framework; includeInIndex = 0; path = Pods_imGuruPlugin.framework; sourceTree = BUILT_PRODUCTS_DIR; };
/* End PBXFileReference section */

/* Begin PBXFrameworksBuildPhase section */
		93A9A1A6E7E79D70BBFD81B7 /* Frameworks */ = {
			isa = PBXFrameworksBuildPhase;
			buildActionMask = 2147483647;
			files = (
				836C23EF9227A0C406365DF6 /* Pods_imGuru.framework in Frameworks */,
			);
			runOnlyForDeploymentPostprocessing = 0;
		};
		A53403ED1AA8D90000631B2C /* Frameworks */ = {
			isa = PBXFrameworksBuildPhase;
			buildActionMask = 2147483647;
			files = (
				A5D57EFE1AA8E725002C181D /* AudioToolbox.framework in Frameworks */,
				E60C41508C9723A2E6A45D98 /* Pods_imGuruPlugin.framework in Frameworks */,
			);
			runOnlyForDeploymentPostprocessing = 0;
		};
		A5CB44EA1AA794F70037C615 /* Frameworks */ = {
			isa = PBXFrameworksBuildPhase;
			buildActionMask = 2147483647;
			files = (
			);
			runOnlyForDeploymentPostprocessing = 0;
		};
/* End PBXFrameworksBuildPhase section */

/* Begin PBXGroup section */
		8DB1067784A50AE85E4C1B1E /* Frameworks */ = {
			isa = PBXGroup;
			children = (
				9F3B600DF51888892271B6F9 /* Pods_imGuru.framework */,
				F9D3E22C3BD5CDC34033D435 /* Pods_imGuruPlugin.framework */,
			);
			name = Frameworks;
			sourceTree = "<group>";
		};
		A12EE5265F1AE99B1BC0F99D /* Pods */ = {
			isa = PBXGroup;
			children = (
				B24F99BF7AD41D2E3DE76B73 /* Pods-imGuru.debug.xcconfig */,
				7C5B90995F177F196718DDB9 /* Pods-imGuru.release.xcconfig */,
				D9F118CEA63E46280CFFA888 /* Pods-imGuruPlugin.debug.xcconfig */,
				81A82259C5031F69A9CD2397 /* Pods-imGuruPlugin.release.xcconfig */,
			);
			name = Pods;
			sourceTree = "<group>";
		};
		A509110F1AA795DE00C93152 /* Resources */ = {
			isa = PBXGroup;
			children = (
				A50911201AA79B5100C93152 /* imGuru.entitlements */,
				A50911101AA795DE00C93152 /* MainMenu.xib */,
				A50911121AA795DE00C93152 /* Images.xcassets */,
				A50911131AA795DE00C93152 /* Info.plist */,
			);
			path = Resources;
			sourceTree = "<group>";
		};
		A50911141AA795DE00C93152 /* Sources */ = {
			isa = PBXGroup;
			children = (
				A50911151AA795DE00C93152 /* AppDelegate.h */,
				A50911161AA795DE00C93152 /* AppDelegate.m */,
				A50911171AA795DE00C93152 /* main.m */,
				A53403B21AA8CF4400631B2C /* Constants.h */,
				A5D57F081AA99BC0002C181D /* IGRUserDefaults.h */,
				A5D57F091AA99BC0002C181D /* IGRUserDefaults.m */,
			);
			path = Sources;
			sourceTree = "<group>";
		};
		A53403F11AA8D90000631B2C /* imgur */ = {
			isa = PBXGroup;
			children = (
				A53403F71AA8D90000631B2C /* ShareViewController.h */,
				A53403F81AA8D90000631B2C /* ShareViewController.m */,
				A53403FA1AA8D90000631B2C /* ShareViewController.xib */,
				A5D57EFD1AA8E725002C181D /* AudioToolbox.framework */,
				A53403F21AA8D90000631B2C /* Supporting Files */,
			);
			path = imgur;
			sourceTree = "<group>";
		};
		A53403F21AA8D90000631B2C /* Supporting Files */ = {
			isa = PBXGroup;
			children = (
				A53403F31AA8D90000631B2C /* Info.plist */,
				A53403F61AA8D90000631B2C /* imgur.entitlements */,
			);
			name = "Supporting Files";
			sourceTree = "<group>";
		};
		A5CB44D11AA794F70037C615 = {
			isa = PBXGroup;
			children = (
				A50911141AA795DE00C93152 /* Sources */,
				A509110F1AA795DE00C93152 /* Resources */,
				A5CB44F01AA794F70037C615 /* imGuruTests */,
				A53403F11AA8D90000631B2C /* imgur */,
				A5CB44DB1AA794F70037C615 /* Products */,
				A5D57F041AA8FF0F002C181D /* README.md */,
				A12EE5265F1AE99B1BC0F99D /* Pods */,
				8DB1067784A50AE85E4C1B1E /* Frameworks */,
			);
			sourceTree = "<group>";
		};
		A5CB44DB1AA794F70037C615 /* Products */ = {
			isa = PBXGroup;
			children = (
				A5CB44DA1AA794F70037C615 /* imGuru.app */,
				A5CB44ED1AA794F70037C615 /* imGuruTests.xctest */,
				A53403F01AA8D90000631B2C /* imGuruPlugin.appex */,
			);
			name = Products;
			sourceTree = "<group>";
		};
		A5CB44F01AA794F70037C615 /* imGuruTests */ = {
			isa = PBXGroup;
			children = (
				A5CB44F31AA794F70037C615 /* imGuruTests.m */,
				A5CB44F11AA794F70037C615 /* Supporting Files */,
			);
			path = imGuruTests;
			sourceTree = "<group>";
		};
		A5CB44F11AA794F70037C615 /* Supporting Files */ = {
			isa = PBXGroup;
			children = (
				A5CB44F21AA794F70037C615 /* Info.plist */,
			);
			name = "Supporting Files";
			sourceTree = "<group>";
		};
/* End PBXGroup section */

/* Begin PBXNativeTarget section */
		A53403EF1AA8D90000631B2C /* imGuruPlugin */ = {
			isa = PBXNativeTarget;
			buildConfigurationList = A53403FF1AA8D90000631B2C /* Build configuration list for PBXNativeTarget "imGuruPlugin" */;
			buildPhases = (
				128DF2B9B28F005889D16029 /* [CP] Check Pods Manifest.lock */,
				A53403EC1AA8D90000631B2C /* Sources */,
				A53403ED1AA8D90000631B2C /* Frameworks */,
				A53403EE1AA8D90000631B2C /* Resources */,
			);
			buildRules = (
			);
			dependencies = (
			);
			name = imGuruPlugin;
			productName = imGuruPlugin;
			productReference = A53403F01AA8D90000631B2C /* imGuruPlugin.appex */;
			productType = "com.apple.product-type.app-extension";
		};
		A5CB44D91AA794F70037C615 /* imGuru */ = {
			isa = PBXNativeTarget;
			buildConfigurationList = A5CB44F71AA794F70037C615 /* Build configuration list for PBXNativeTarget "imGuru" */;
			buildPhases = (
				A3B808439916B6682F142727 /* [CP] Check Pods Manifest.lock */,
				A5CB44D61AA794F70037C615 /* Sources */,
				A5CB44D81AA794F70037C615 /* Resources */,
				A509138C1AA85CE200C93152 /* Embed App Extensions */,
				93A9A1A6E7E79D70BBFD81B7 /* Frameworks */,
				0CBD8068C915D780CEEA7454 /* [CP] Embed Pods Frameworks */,
			);
			buildRules = (
			);
			dependencies = (
				A53403FD1AA8D90000631B2C /* PBXTargetDependency */,
			);
			name = imGuru;
			productName = imGuru;
			productReference = A5CB44DA1AA794F70037C615 /* imGuru.app */;
			productType = "com.apple.product-type.application";
		};
		A5CB44EC1AA794F70037C615 /* imGuruTests */ = {
			isa = PBXNativeTarget;
			buildConfigurationList = A5CB44FA1AA794F70037C615 /* Build configuration list for PBXNativeTarget "imGuruTests" */;
			buildPhases = (
				A5CB44E91AA794F70037C615 /* Sources */,
				A5CB44EA1AA794F70037C615 /* Frameworks */,
				A5CB44EB1AA794F70037C615 /* Resources */,
			);
			buildRules = (
			);
			dependencies = (
				A5CB44EF1AA794F70037C615 /* PBXTargetDependency */,
			);
			name = imGuruTests;
			productName = imGuruTests;
			productReference = A5CB44ED1AA794F70037C615 /* imGuruTests.xctest */;
			productType = "com.apple.product-type.bundle.unit-test";
		};
/* End PBXNativeTarget section */

/* Begin PBXProject section */
		A5CB44D21AA794F70037C615 /* Project object */ = {
			isa = PBXProject;
			attributes = {
				CLASSPREFIX = IGR;
				LastUpgradeCheck = 0940;
				ORGANIZATIONNAME = "IGR Software";
				TargetAttributes = {
					A53403EF1AA8D90000631B2C = {
						CreatedOnToolsVersion = 6.1.1;
						DevelopmentTeam = DMP42GVPJ3;
						SystemCapabilities = {
							com.apple.ApplicationGroups.Mac = {
								enabled = 1;
							};
							com.apple.Push = {
								enabled = 0;
							};
							com.apple.Sandbox = {
								enabled = 1;
							};
						};
					};
					A5CB44D91AA794F70037C615 = {
						CreatedOnToolsVersion = 6.1.1;
						SystemCapabilities = {
							com.apple.ApplicationGroups.Mac = {
								enabled = 1;
							};
							com.apple.Push = {
								enabled = 1;
							};
							com.apple.Sandbox = {
								enabled = 1;
							};
						};
					};
					A5CB44EC1AA794F70037C615 = {
						CreatedOnToolsVersion = 6.1.1;
						TestTargetID = A5CB44D91AA794F70037C615;
					};
				};
			};
			buildConfigurationList = A5CB44D51AA794F70037C615 /* Build configuration list for PBXProject "imGuru" */;
			compatibilityVersion = "Xcode 10.0";
			developmentRegion = English;
			hasScannedForEncodings = 0;
			knownRegions = (
				en,
				Base,
			);
			mainGroup = A5CB44D11AA794F70037C615;
			productRefGroup = A5CB44DB1AA794F70037C615 /* Products */;
			projectDirPath = "";
			projectRoot = "";
			targets = (
				A5CB44D91AA794F70037C615 /* imGuru */,
				A5CB44EC1AA794F70037C615 /* imGuruTests */,
				A53403EF1AA8D90000631B2C /* imGuruPlugin */,
			);
		};
/* End PBXProject section */

/* Begin PBXResourcesBuildPhase section */
		A53403EE1AA8D90000631B2C /* Resources */ = {
			isa = PBXResourcesBuildPhase;
			buildActionMask = 2147483647;
			files = (
				A5D57EFF1AA8F357002C181D /* Images.xcassets in Resources */,
				A53403FB1AA8D90000631B2C /* ShareViewController.xib in Resources */,
			);
			runOnlyForDeploymentPostprocessing = 0;
		};
		A5CB44D81AA794F70037C615 /* Resources */ = {
			isa = PBXResourcesBuildPhase;
			buildActionMask = 2147483647;
			files = (
				A547EBFC1B3C202800F72EC8 /* MainMenu.xib in Resources */,
				A50911191AA795DE00C93152 /* Images.xcassets in Resources */,
			);
			runOnlyForDeploymentPostprocessing = 0;
		};
		A5CB44EB1AA794F70037C615 /* Resources */ = {
			isa = PBXResourcesBuildPhase;
			buildActionMask = 2147483647;
			files = (
			);
			runOnlyForDeploymentPostprocessing = 0;
		};
/* End PBXResourcesBuildPhase section */

/* Begin PBXShellScriptBuildPhase section */
		0CBD8068C915D780CEEA7454 /* [CP] Embed Pods Frameworks */ = {
			isa = PBXShellScriptBuildPhase;
			buildActionMask = 2147483647;
			files = (
			);
			inputPaths = (
				"${SRCROOT}/Pods/Target Support Files/Pods-imGuru/Pods-imGuru-frameworks.sh",
				"${BUILT_PRODUCTS_DIR}/AFNetworking/AFNetworking.framework",
				"${BUILT_PRODUCTS_DIR}/ImgurSession/ImgurSession.framework",
			);
			name = "[CP] Embed Pods Frameworks";
			outputPaths = (
				"${TARGET_BUILD_DIR}/${FRAMEWORKS_FOLDER_PATH}/AFNetworking.framework",
				"${TARGET_BUILD_DIR}/${FRAMEWORKS_FOLDER_PATH}/ImgurSession.framework",
			);
			runOnlyForDeploymentPostprocessing = 0;
			shellPath = /bin/sh;
			shellScript = "\"${SRCROOT}/Pods/Target Support Files/Pods-imGuru/Pods-imGuru-frameworks.sh\"\n";
			showEnvVarsInLog = 0;
		};
		128DF2B9B28F005889D16029 /* [CP] Check Pods Manifest.lock */ = {
			isa = PBXShellScriptBuildPhase;
			buildActionMask = 2147483647;
			files = (
			);
			inputPaths = (
				"${PODS_PODFILE_DIR_PATH}/Podfile.lock",
				"${PODS_ROOT}/Manifest.lock",
			);
			name = "[CP] Check Pods Manifest.lock";
			outputPaths = (
				"$(DERIVED_FILE_DIR)/Pods-imGuruPlugin-checkManifestLockResult.txt",
			);
			runOnlyForDeploymentPostprocessing = 0;
			shellPath = /bin/sh;
			shellScript = "diff \"${PODS_PODFILE_DIR_PATH}/Podfile.lock\" \"${PODS_ROOT}/Manifest.lock\" > /dev/null\nif [ $? != 0 ] ; then\n    # print error to STDERR\n    echo \"error: The sandbox is not in sync with the Podfile.lock. Run 'pod install' or update your CocoaPods installation.\" >&2\n    exit 1\nfi\n# This output is used by Xcode 'outputs' to avoid re-running this script phase.\necho \"SUCCESS\" > \"${SCRIPT_OUTPUT_FILE_0}\"\n";
			showEnvVarsInLog = 0;
		};
		A3B808439916B6682F142727 /* [CP] Check Pods Manifest.lock */ = {
			isa = PBXShellScriptBuildPhase;
			buildActionMask = 2147483647;
			files = (
			);
			inputPaths = (
				"${PODS_PODFILE_DIR_PATH}/Podfile.lock",
				"${PODS_ROOT}/Manifest.lock",
			);
			name = "[CP] Check Pods Manifest.lock";
			outputPaths = (
				"$(DERIVED_FILE_DIR)/Pods-imGuru-checkManifestLockResult.txt",
			);
			runOnlyForDeploymentPostprocessing = 0;
			shellPath = /bin/sh;
			shellScript = "diff \"${PODS_PODFILE_DIR_PATH}/Podfile.lock\" \"${PODS_ROOT}/Manifest.lock\" > /dev/null\nif [ $? != 0 ] ; then\n    # print error to STDERR\n    echo \"error: The sandbox is not in sync with the Podfile.lock. Run 'pod install' or update your CocoaPods installation.\" >&2\n    exit 1\nfi\n# This output is used by Xcode 'outputs' to avoid re-running this script phase.\necho \"SUCCESS\" > \"${SCRIPT_OUTPUT_FILE_0}\"\n";
			showEnvVarsInLog = 0;
		};
/* End PBXShellScriptBuildPhase section */

/* Begin PBXSourcesBuildPhase section */
		A53403EC1AA8D90000631B2C /* Sources */ = {
			isa = PBXSourcesBuildPhase;
			buildActionMask = 2147483647;
			files = (
				A5D57F0B1AA99BC5002C181D /* IGRUserDefaults.m in Sources */,
				A53403F91AA8D90000631B2C /* ShareViewController.m in Sources */,
			);
			runOnlyForDeploymentPostprocessing = 0;
		};
		A5CB44D61AA794F70037C615 /* Sources */ = {
			isa = PBXSourcesBuildPhase;
			buildActionMask = 2147483647;
			files = (
				A509111C1AA795DE00C93152 /* main.m in Sources */,
				A5D57F0A1AA99BC0002C181D /* IGRUserDefaults.m in Sources */,
				A509111B1AA795DE00C93152 /* AppDelegate.m in Sources */,
			);
			runOnlyForDeploymentPostprocessing = 0;
		};
		A5CB44E91AA794F70037C615 /* Sources */ = {
			isa = PBXSourcesBuildPhase;
			buildActionMask = 2147483647;
			files = (
				A5CB44F41AA794F70037C615 /* imGuruTests.m in Sources */,
			);
			runOnlyForDeploymentPostprocessing = 0;
		};
/* End PBXSourcesBuildPhase section */

/* Begin PBXTargetDependency section */
		A53403FD1AA8D90000631B2C /* PBXTargetDependency */ = {
			isa = PBXTargetDependency;
			target = A53403EF1AA8D90000631B2C /* imGuruPlugin */;
			targetProxy = A53403FC1AA8D90000631B2C /* PBXContainerItemProxy */;
		};
		A5CB44EF1AA794F70037C615 /* PBXTargetDependency */ = {
			isa = PBXTargetDependency;
			target = A5CB44D91AA794F70037C615 /* imGuru */;
			targetProxy = A5CB44EE1AA794F70037C615 /* PBXContainerItemProxy */;
		};
/* End PBXTargetDependency section */

/* Begin PBXVariantGroup section */
		A50911101AA795DE00C93152 /* MainMenu.xib */ = {
			isa = PBXVariantGroup;
			children = (
				A50911111AA795DE00C93152 /* Base */,
				A5D57F001AA8F524002C181D /* ru */,
			);
			name = MainMenu.xib;
			sourceTree = "<group>";
		};
/* End PBXVariantGroup section */

/* Begin XCBuildConfiguration section */
		A53404001AA8D90000631B2C /* Debug */ = {
			isa = XCBuildConfiguration;
			baseConfigurationReference = D9F118CEA63E46280CFFA888 /* Pods-imGuruPlugin.debug.xcconfig */;
			buildSettings = {
				ASSETCATALOG_COMPILER_APPICON_NAME = AppIcon;
				CODE_SIGN_ENTITLEMENTS = imgur/imgur.entitlements;
				CODE_SIGN_IDENTITY = "Mac Developer";
				COMBINE_HIDPI_IMAGES = YES;
				COPY_PHASE_STRIP = NO;
				GCC_PREPROCESSOR_DEFINITIONS = (
					"DEBUG=1",
					"$(inherited)",
				);
				HEADER_SEARCH_PATHS = (
					"$(inherited)",
					/Applications/Xcode.app/Contents/Developer/Toolchains/XcodeDefault.xctoolchain/usr/include,
					"$(SRCROOT)/Submodules",
					"$(SRCROOT)/Submodules/AFNetworking",
					"$(SRCROOT)/Submodules/AFNetworking/AFNetworking",
				);
				INFOPLIST_FILE = imgur/Info.plist;
				LD_RUNPATH_SEARCH_PATHS = (
					"$(inherited)",
					"@executable_path/../Frameworks",
					"@executable_path/../../../../Frameworks",
				);
				PRODUCT_BUNDLE_IDENTIFIER = "com.igrsoft.imGuru.$(PRODUCT_NAME:rfc1034identifier)";
				PRODUCT_NAME = "$(TARGET_NAME)";
				SKIP_INSTALL = YES;
			};
			name = Debug;
		};
		A53404011AA8D90000631B2C /* Release */ = {
			isa = XCBuildConfiguration;
			baseConfigurationReference = 81A82259C5031F69A9CD2397 /* Pods-imGuruPlugin.release.xcconfig */;
			buildSettings = {
				ASSETCATALOG_COMPILER_APPICON_NAME = AppIcon;
				CODE_SIGN_ENTITLEMENTS = imgur/imgur.entitlements;
				CODE_SIGN_IDENTITY = "Mac Developer";
				COMBINE_HIDPI_IMAGES = YES;
				COPY_PHASE_STRIP = NO;
				HEADER_SEARCH_PATHS = (
					"$(inherited)",
					/Applications/Xcode.app/Contents/Developer/Toolchains/XcodeDefault.xctoolchain/usr/include,
					"$(SRCROOT)/Submodules",
					"$(SRCROOT)/Submodules/AFNetworking",
					"$(SRCROOT)/Submodules/AFNetworking/AFNetworking",
				);
				INFOPLIST_FILE = imgur/Info.plist;
				LD_RUNPATH_SEARCH_PATHS = (
					"$(inherited)",
					"@executable_path/../Frameworks",
					"@executable_path/../../../../Frameworks",
				);
				PRODUCT_BUNDLE_IDENTIFIER = "com.igrsoft.imGuru.$(PRODUCT_NAME:rfc1034identifier)";
				PRODUCT_NAME = "$(TARGET_NAME)";
				SKIP_INSTALL = YES;
			};
			name = Release;
		};
		A5CB44F51AA794F70037C615 /* Debug */ = {
			isa = XCBuildConfiguration;
			buildSettings = {
				ALWAYS_SEARCH_USER_PATHS = NO;
				CLANG_ANALYZER_LOCALIZABILITY_NONLOCALIZED = YES;
				CLANG_CXX_LANGUAGE_STANDARD = "gnu++0x";
				CLANG_CXX_LIBRARY = "libc++";
				CLANG_ENABLE_MODULES = YES;
				CLANG_ENABLE_OBJC_ARC = YES;
				CLANG_WARN_BLOCK_CAPTURE_AUTORELEASING = YES;
				CLANG_WARN_BOOL_CONVERSION = YES;
				CLANG_WARN_COMMA = YES;
				CLANG_WARN_CONSTANT_CONVERSION = YES;
				CLANG_WARN_DEPRECATED_OBJC_IMPLEMENTATIONS = YES;
				CLANG_WARN_DIRECT_OBJC_ISA_USAGE = YES_ERROR;
				CLANG_WARN_EMPTY_BODY = YES;
				CLANG_WARN_ENUM_CONVERSION = YES;
				CLANG_WARN_INFINITE_RECURSION = YES;
				CLANG_WARN_INT_CONVERSION = YES;
				CLANG_WARN_NON_LITERAL_NULL_CONVERSION = YES;
				CLANG_WARN_OBJC_IMPLICIT_RETAIN_SELF = YES;
				CLANG_WARN_OBJC_LITERAL_CONVERSION = YES;
				CLANG_WARN_OBJC_ROOT_CLASS = YES_ERROR;
				CLANG_WARN_RANGE_LOOP_ANALYSIS = YES;
				CLANG_WARN_STRICT_PROTOTYPES = YES;
				CLANG_WARN_SUSPICIOUS_MOVE = YES;
				CLANG_WARN_UNREACHABLE_CODE = YES;
				CLANG_WARN__DUPLICATE_METHOD_MATCH = YES;
				COPY_PHASE_STRIP = NO;
				ENABLE_STRICT_OBJC_MSGSEND = YES;
				ENABLE_TESTABILITY = YES;
				GCC_C_LANGUAGE_STANDARD = gnu99;
				GCC_DYNAMIC_NO_PIC = NO;
				GCC_NO_COMMON_BLOCKS = YES;
				GCC_OPTIMIZATION_LEVEL = 0;
				GCC_PREPROCESSOR_DEFINITIONS = (
					"DEBUG=1",
					"$(inherited)",
				);
				GCC_SYMBOLS_PRIVATE_EXTERN = NO;
				GCC_WARN_64_TO_32_BIT_CONVERSION = YES;
				GCC_WARN_ABOUT_RETURN_TYPE = YES_ERROR;
				GCC_WARN_UNDECLARED_SELECTOR = YES;
				GCC_WARN_UNINITIALIZED_AUTOS = YES_AGGRESSIVE;
				GCC_WARN_UNUSED_FUNCTION = YES;
				GCC_WARN_UNUSED_VARIABLE = YES;
				MACOSX_DEPLOYMENT_TARGET = 10.11;
				MTL_ENABLE_DEBUG_INFO = YES;
				ONLY_ACTIVE_ARCH = YES;
				SDKROOT = macosx;
			};
			name = Debug;
		};
		A5CB44F61AA794F70037C615 /* Release */ = {
			isa = XCBuildConfiguration;
			buildSettings = {
				ALWAYS_SEARCH_USER_PATHS = NO;
				CLANG_ANALYZER_LOCALIZABILITY_NONLOCALIZED = YES;
				CLANG_CXX_LANGUAGE_STANDARD = "gnu++0x";
				CLANG_CXX_LIBRARY = "libc++";
				CLANG_ENABLE_MODULES = YES;
				CLANG_ENABLE_OBJC_ARC = YES;
				CLANG_WARN_BLOCK_CAPTURE_AUTORELEASING = YES;
				CLANG_WARN_BOOL_CONVERSION = YES;
				CLANG_WARN_COMMA = YES;
				CLANG_WARN_CONSTANT_CONVERSION = YES;
				CLANG_WARN_DEPRECATED_OBJC_IMPLEMENTATIONS = YES;
				CLANG_WARN_DIRECT_OBJC_ISA_USAGE = YES_ERROR;
				CLANG_WARN_EMPTY_BODY = YES;
				CLANG_WARN_ENUM_CONVERSION = YES;
				CLANG_WARN_INFINITE_RECURSION = YES;
				CLANG_WARN_INT_CONVERSION = YES;
				CLANG_WARN_NON_LITERAL_NULL_CONVERSION = YES;
				CLANG_WARN_OBJC_IMPLICIT_RETAIN_SELF = YES;
				CLANG_WARN_OBJC_LITERAL_CONVERSION = YES;
				CLANG_WARN_OBJC_ROOT_CLASS = YES_ERROR;
				CLANG_WARN_RANGE_LOOP_ANALYSIS = YES;
				CLANG_WARN_STRICT_PROTOTYPES = YES;
				CLANG_WARN_SUSPICIOUS_MOVE = YES;
				CLANG_WARN_UNREACHABLE_CODE = YES;
				CLANG_WARN__DUPLICATE_METHOD_MATCH = YES;
				COPY_PHASE_STRIP = YES;
				DEBUG_INFORMATION_FORMAT = "dwarf-with-dsym";
				ENABLE_NS_ASSERTIONS = NO;
				ENABLE_STRICT_OBJC_MSGSEND = YES;
				GCC_C_LANGUAGE_STANDARD = gnu99;
				GCC_NO_COMMON_BLOCKS = YES;
				GCC_WARN_64_TO_32_BIT_CONVERSION = YES;
				GCC_WARN_ABOUT_RETURN_TYPE = YES_ERROR;
				GCC_WARN_UNDECLARED_SELECTOR = YES;
				GCC_WARN_UNINITIALIZED_AUTOS = YES_AGGRESSIVE;
				GCC_WARN_UNUSED_FUNCTION = YES;
				GCC_WARN_UNUSED_VARIABLE = YES;
				MACOSX_DEPLOYMENT_TARGET = 10.11;
				MTL_ENABLE_DEBUG_INFO = NO;
				SDKROOT = macosx;
			};
			name = Release;
		};
		A5CB44F81AA794F70037C615 /* Debug */ = {
			isa = XCBuildConfiguration;
			baseConfigurationReference = B24F99BF7AD41D2E3DE76B73 /* Pods-imGuru.debug.xcconfig */;
			buildSettings = {
				ASSETCATALOG_COMPILER_APPICON_NAME = AppIcon;
				CODE_SIGN_ENTITLEMENTS = imGuru.entitlements;
				CODE_SIGN_IDENTITY = "Mac Developer";
				CODE_SIGN_STYLE = Automatic;
				COMBINE_HIDPI_IMAGES = YES;
				COPY_PHASE_STRIP = NO;
				DEVELOPMENT_TEAM = DMP42GVPJ3;
				HEADER_SEARCH_PATHS = (
					"$(inherited)",
					/Applications/Xcode.app/Contents/Developer/Toolchains/XcodeDefault.xctoolchain/usr/include,
					"$(SRCROOT)/Submodules",
					"$(SRCROOT)/Submodules/AFNetworking",
					"$(SRCROOT)/Submodules/AFNetworking/AFNetworking",
				);
				INFOPLIST_FILE = "$(SRCROOT)/Resources/Info.plist";
				LD_RUNPATH_SEARCH_PATHS = (
					"$(inherited)",
					"@executable_path/../Frameworks",
				);
				PRODUCT_BUNDLE_IDENTIFIER = "com.igrsoft.$(PRODUCT_NAME:rfc1034identifier)";
				PRODUCT_NAME = "$(TARGET_NAME)";
				PROVISIONING_PROFILE_SPECIFIER = "";
			};
			name = Debug;
		};
		A5CB44F91AA794F70037C615 /* Release */ = {
			isa = XCBuildConfiguration;
			baseConfigurationReference = 7C5B90995F177F196718DDB9 /* Pods-imGuru.release.xcconfig */;
			buildSettings = {
				ASSETCATALOG_COMPILER_APPICON_NAME = AppIcon;
				CODE_SIGN_ENTITLEMENTS = imGuru.entitlements;
				CODE_SIGN_IDENTITY = "Mac Developer";
				CODE_SIGN_STYLE = Automatic;
				COMBINE_HIDPI_IMAGES = YES;
				COPY_PHASE_STRIP = NO;
				DEVELOPMENT_TEAM = DMP42GVPJ3;
				HEADER_SEARCH_PATHS = (
					"$(inherited)",
					/Applications/Xcode.app/Contents/Developer/Toolchains/XcodeDefault.xctoolchain/usr/include,
					"$(SRCROOT)/Submodules",
					"$(SRCROOT)/Submodules/AFNetworking",
					"$(SRCROOT)/Submodules/AFNetworking/AFNetworking",
				);
				INFOPLIST_FILE = "$(SRCROOT)/Resources/Info.plist";
				LD_RUNPATH_SEARCH_PATHS = (
					"$(inherited)",
					"@executable_path/../Frameworks",
				);
				PRODUCT_BUNDLE_IDENTIFIER = "com.igrsoft.$(PRODUCT_NAME:rfc1034identifier)";
				PRODUCT_NAME = "$(TARGET_NAME)";
				PROVISIONING_PROFILE_SPECIFIER = "";
			};
			name = Release;
		};
		A5CB44FB1AA794F70037C615 /* Debug */ = {
			isa = XCBuildConfiguration;
			buildSettings = {
				BUNDLE_LOADER = "$(TEST_HOST)";
				COMBINE_HIDPI_IMAGES = YES;
				FRAMEWORK_SEARCH_PATHS = (
					"$(DEVELOPER_FRAMEWORKS_DIR)",
					"$(inherited)",
				);
				GCC_PREPROCESSOR_DEFINITIONS = (
					"DEBUG=1",
					"$(inherited)",
				);
				INFOPLIST_FILE = imGuruTests/Info.plist;
				LD_RUNPATH_SEARCH_PATHS = (
					"$(inherited)",
					"@executable_path/../Frameworks",
					"@loader_path/../Frameworks",
				);
				PRODUCT_BUNDLE_IDENTIFIER = "com.igrsoft.$(PRODUCT_NAME:rfc1034identifier)";
				PRODUCT_NAME = "$(TARGET_NAME)";
				TEST_HOST = "$(BUILT_PRODUCTS_DIR)/imGuru.app/Contents/MacOS/imGuru";
			};
			name = Debug;
		};
		A5CB44FC1AA794F70037C615 /* Release */ = {
			isa = XCBuildConfiguration;
			buildSettings = {
				BUNDLE_LOADER = "$(TEST_HOST)";
				COMBINE_HIDPI_IMAGES = YES;
				FRAMEWORK_SEARCH_PATHS = (
					"$(DEVELOPER_FRAMEWORKS_DIR)",
					"$(inherited)",
				);
				INFOPLIST_FILE = imGuruTests/Info.plist;
				LD_RUNPATH_SEARCH_PATHS = (
					"$(inherited)",
					"@executable_path/../Frameworks",
					"@loader_path/../Frameworks",
				);
				PRODUCT_BUNDLE_IDENTIFIER = "com.igrsoft.$(PRODUCT_NAME:rfc1034identifier)";
				PRODUCT_NAME = "$(TARGET_NAME)";
				TEST_HOST = "$(BUILT_PRODUCTS_DIR)/imGuru.app/Contents/MacOS/imGuru";
			};
			name = Release;
		};
/* End XCBuildConfiguration section */

/* Begin XCConfigurationList section */
		A53403FF1AA8D90000631B2C /* Build configuration list for PBXNativeTarget "imGuruPlugin" */ = {
			isa = XCConfigurationList;
			buildConfigurations = (
				A53404001AA8D90000631B2C /* Debug */,
				A53404011AA8D90000631B2C /* Release */,
			);
			defaultConfigurationIsVisible = 0;
			defaultConfigurationName = Release;
		};
		A5CB44D51AA794F70037C615 /* Build configuration list for PBXProject "imGuru" */ = {
			isa = XCConfigurationList;
			buildConfigurations = (
				A5CB44F51AA794F70037C615 /* Debug */,
				A5CB44F61AA794F70037C615 /* Release */,
			);
			defaultConfigurationIsVisible = 0;
			defaultConfigurationName = Release;
		};
		A5CB44F71AA794F70037C615 /* Build configuration list for PBXNativeTarget "imGuru" */ = {
			isa = XCConfigurationList;
			buildConfigurations = (
				A5CB44F81AA794F70037C615 /* Debug */,
				A5CB44F91AA794F70037C615 /* Release */,
			);
			defaultConfigurationIsVisible = 0;
			defaultConfigurationName = Release;
		};
		A5CB44FA1AA794F70037C615 /* Build configuration list for PBXNativeTarget "imGuruTests" */ = {
			isa = XCConfigurationList;
			buildConfigurations = (
				A5CB44FB1AA794F70037C615 /* Debug */,
				A5CB44FC1AA794F70037C615 /* Release */,
			);
			defaultConfigurationIsVisible = 0;
			defaultConfigurationName = Release;
		};
/* End XCConfigurationList section */
	};
	rootObject = A5CB44D21AA794F70037C615 /* Project object */;
}
